// !$*UTF8*$!
{
	archiveVersion = 1;
	classes = {
	};
	objectVersion = 46;
	objects = {

/* Begin PBXBuildFile section */
		0207DA581B56EA530066E2B4 /* Images.xcassets in Resources */ = {isa = PBXBuildFile; fileRef = 0207DA571B56EA530066E2B4 /* Images.xcassets */; };
		1D3623260D0F684500981E51 /* AppDelegate.m in Sources */ = {isa = PBXBuildFile; fileRef = 1D3623250D0F684500981E51 /* AppDelegate.m */; };
		1D60589B0D05DD56006BFB54 /* main.m in Sources */ = {isa = PBXBuildFile; fileRef = 29B97316FDCFA39411CA2CEA /* main.m */; };
		301BF552109A68D80062928A /* libCordova.a in Frameworks */ = {isa = PBXBuildFile; fileRef = 301BF535109A57CC0062928A /* libCordova.a */; };
		302D95F114D2391D003F00A1 /* MainViewController.m in Sources */ = {isa = PBXBuildFile; fileRef = 302D95EF14D2391D003F00A1 /* MainViewController.m */; };
		302D95F214D2391D003F00A1 /* MainViewController.xib in Resources */ = {isa = PBXBuildFile; fileRef = 302D95F014D2391D003F00A1 /* MainViewController.xib */; };
		30966BC9322F4253A738A151 /* APPLocalNotification.m in Sources */ = {isa = PBXBuildFile; fileRef = DC06B05A1A1D4B7C9A3AE5B7 /* APPLocalNotification.m */; };
		42C84B31B3574010892ACACE /* GCDWebServerErrorResponse.m in Sources */ = {isa = PBXBuildFile; fileRef = A7B8D2A19BD84B0598145E20 /* GCDWebServerErrorResponse.m */; };
		43B32D61455D42D18FCFD56F /* CDVWKWebViewEngine.m in Sources */ = {isa = PBXBuildFile; fileRef = 46EAF1AF3F4F4D368213874C /* CDVWKWebViewEngine.m */; };
		44EB1CC9304A435E9F544244 /* GCDWebServerRequest.m in Sources */ = {isa = PBXBuildFile; fileRef = 095052F73AF74894B9528112 /* GCDWebServerRequest.m */; };
		4A21BA1DF1414EE7AC189E22 /* GCDWebServerFunctions.m in Sources */ = {isa = PBXBuildFile; fileRef = 3137B7A727C241C0A45AF704 /* GCDWebServerFunctions.m */; };
		4CA2D5AE1A89405A81B02F18 /* GCDWebServerDataResponse.m in Sources */ = {isa = PBXBuildFile; fileRef = 9D921BFC0F3C40AEBB81EDE7 /* GCDWebServerDataResponse.m */; };
		555AB388BC01494EA284F0D2 /* CDVNotification.m in Sources */ = {isa = PBXBuildFile; fileRef = 5DE98909808742359EEAF06E /* CDVNotification.m */; };
		57CBE7D421729E3A004721DE /* TeamsAssets-Light.ttf in Resources */ = {isa = PBXBuildFile; fileRef = 57CBE7D621729E3A004721DE /* TeamsAssets-Light.ttf */; };
		57CBE7D721729E4A004721DE /* TeamsAssets-Regular.ttf in Resources */ = {isa = PBXBuildFile; fileRef = 57CBE7D921729E4A004721DE /* TeamsAssets-Regular.ttf */; };
		5AC31A81B662490FADBB6B4F /* GCDWebServerURLEncodedFormRequest.m in Sources */ = {isa = PBXBuildFile; fileRef = F0DB88B25CE744A1A35E9668 /* GCDWebServerURLEncodedFormRequest.m */; };
		60FDE12FF4F047A68F31DA70 /* UNUserNotificationCenter+APPLocalNotification.m in Sources */ = {isa = PBXBuildFile; fileRef = 17C1D8083C094974A972040B /* UNUserNotificationCenter+APPLocalNotification.m */; };
		6AFF5BF91D6E424B00AB3073 /* CDVLaunchScreen.storyboard in Resources */ = {isa = PBXBuildFile; fileRef = 6AFF5BF81D6E424B00AB3073 /* CDVLaunchScreen.storyboard */; };
		6DFFA7A836A248A28095A23D /* WebKit.framework in Frameworks */ = {isa = PBXBuildFile; fileRef = AEEE97F53BAA4F79AA7D96CB /* WebKit.framework */; settings = {ATTRIBUTES = (Weak, ); }; };
		6F512CF979E24167B3E05391 /* CDVSplashScreen.m in Sources */ = {isa = PBXBuildFile; fileRef = 5F7FE5F26866424BBD8F9790 /* CDVSplashScreen.m */; };
		70CCE536DE2E40A69B409E1D /* GCDWebServer.m in Sources */ = {isa = PBXBuildFile; fileRef = 43FF14EAB4E24B4BA4A7DA2C /* GCDWebServer.m */; };
		7304240EB0AA415D979C8156 /* GCDWebServerFileResponse.m in Sources */ = {isa = PBXBuildFile; fileRef = 7E58CD818606419296269AC6 /* GCDWebServerFileResponse.m */; };
		7659C119F6614713887334A4 /* GCDWebServerMultiPartFormRequest.m in Sources */ = {isa = PBXBuildFile; fileRef = F5A87E3E803D4CF19554403B /* GCDWebServerMultiPartFormRequest.m */; };
		791F89AE41C340AC9E04BDAD /* CDVNotification.bundle in Resources */ = {isa = PBXBuildFile; fileRef = EF4272AA6D6845EB99C83C02 /* CDVNotification.bundle */; };
		7D36231494D046E19913780A /* GCDWebServerConnection.m in Sources */ = {isa = PBXBuildFile; fileRef = 0BDEEAB7FE0C4396AE67EE39 /* GCDWebServerConnection.m */; };
		95DA8F4BBAB04463B90F1505 /* GCDWebServerFileRequest.m in Sources */ = {isa = PBXBuildFile; fileRef = 9F6DA08F73A143A694D8CFF0 /* GCDWebServerFileRequest.m */; };
		95EAED6A85CB43B8818473D5 /* CDVOrientation.m in Sources */ = {isa = PBXBuildFile; fileRef = 7E6F84B7F0A9475D8202EF22 /* CDVOrientation.m */; };
		9C6B11E66C3B44639E26D349 /* AudioToolbox.framework in Frameworks */ = {isa = PBXBuildFile; fileRef = 0D93139B9CC14DD1AD825153 /* AudioToolbox.framework */; settings = {ATTRIBUTES = (Weak, ); }; };
		A17790E4DD5446B0BF32E8EB /* UNNotificationRequest+APPLocalNotification.m in Sources */ = {isa = PBXBuildFile; fileRef = 4CADABAF39AB47868A319674 /* UNNotificationRequest+APPLocalNotification.m */; };
		A1BE0F3C0B36489B9B8426A6 /* GCDWebServerStreamedResponse.m in Sources */ = {isa = PBXBuildFile; fileRef = 110619B9365745289FDA3394 /* GCDWebServerStreamedResponse.m */; };
		A4621C43A841467F9F0CBE38 /* CDVViewController+SplashScreen.m in Sources */ = {isa = PBXBuildFile; fileRef = B3FB7F8CC34649C8977A1ADD /* CDVViewController+SplashScreen.m */; };
		AEE95D761D2344439713127D /* APPNotificationOptions.m in Sources */ = {isa = PBXBuildFile; fileRef = F0C7C9FDABCE4A9693ADB0D1 /* APPNotificationOptions.m */; };
		BB4DB16E043D48BB89677D46 /* CoreLocation.framework in Frameworks */ = {isa = PBXBuildFile; fileRef = FF735AA22BCF4452925AF3CD /* CoreLocation.framework */; };
		BD660F6FE4F540A3975C804C /* GCDWebServerResponse.m in Sources */ = {isa = PBXBuildFile; fileRef = CA2EB20409784A0EB1C3C996 /* GCDWebServerResponse.m */; };
		C2205917D58D4CE882821D82 /* CDVWKProcessPoolFactory.m in Sources */ = {isa = PBXBuildFile; fileRef = B5152D4295B14C509C955E97 /* CDVWKProcessPoolFactory.m */; };
		C2CA4531F6F84288AED9A430 /* GCDWebServerDataRequest.m in Sources */ = {isa = PBXBuildFile; fileRef = 44EFD9F856B649E3AAF10FC8 /* GCDWebServerDataRequest.m */; };
		C5C874E7FAEB4028BB03A459 /* CDVStatusBar.m in Sources */ = {isa = PBXBuildFile; fileRef = 7C57722C77AA470398D3D470 /* CDVStatusBar.m */; };
		C643F78FA58442298DE0750B /* UserNotifications.framework in Frameworks */ = {isa = PBXBuildFile; fileRef = B2AFF8A161574C088D8CBA70 /* UserNotifications.framework */; };
		C8BC0AD470F345239FB0598A /* APPBadge.m in Sources */ = {isa = PBXBuildFile; fileRef = 33C59A8562974210B7BA0391 /* APPBadge.m */; };
		C9C4DED3498F47CD9B9F859F /* CDVIonicKeyboard.m in Sources */ = {isa = PBXBuildFile; fileRef = 5CE6903E15B3442BA469324C /* CDVIonicKeyboard.m */; };
		CDDB71B5F05044F5BB353400 /* CDVWKWebViewUIDelegate.m in Sources */ = {isa = PBXBuildFile; fileRef = 1AD0B18391D24B6486B00D33 /* CDVWKWebViewUIDelegate.m */; };
		D4ADB50E65374F74AA73D666 /* APPNotificationContent.m in Sources */ = {isa = PBXBuildFile; fileRef = 170BCE9428684232A13C13D1 /* APPNotificationContent.m */; };
		EE7F1B0AFAA248E58EE2CF29 /* libz.tbd in Frameworks */ = {isa = PBXBuildFile; fileRef = 2C6516952D574F9A88832DCB /* libz.tbd */; };
		FDED891A10F34A0E80C880BA /* CDVDevice.m in Sources */ = {isa = PBXBuildFile; fileRef = B09E47C186A8441BB22FAD5B /* CDVDevice.m */; };
/* End PBXBuildFile section */

/* Begin PBXContainerItemProxy section */
		301BF534109A57CC0062928A /* PBXContainerItemProxy */ = {
			isa = PBXContainerItemProxy;
			containerPortal = 301BF52D109A57CC0062928A /* CordovaLib/CordovaLib.xcodeproj */;
			proxyType = 2;
			remoteGlobalIDString = D2AAC07E0554694100DB518D;
			remoteInfo = CordovaLib;
		};
		301BF550109A68C00062928A /* PBXContainerItemProxy */ = {
			isa = PBXContainerItemProxy;
			containerPortal = 301BF52D109A57CC0062928A /* CordovaLib/CordovaLib.xcodeproj */;
			proxyType = 1;
			remoteGlobalIDString = D2AAC07D0554694100DB518D;
			remoteInfo = CordovaLib;
		};
		57782F46215EFD5D00986DF8 /* PBXContainerItemProxy */ = {
			isa = PBXContainerItemProxy;
			containerPortal = 301BF52D109A57CC0062928A /* CordovaLib/CordovaLib.xcodeproj */;
			proxyType = 2;
			remoteGlobalIDString = C0C01EB21E3911D50056E6CB;
			remoteInfo = Cordova;
		};
/* End PBXContainerItemProxy section */

/* Begin PBXFileReference section */
		00F0DE33AC754DADBBB02B36 /* CDVStatusBar.h */ = {isa = PBXFileReference; explicitFileType = undefined; fileEncoding = 4; includeInIndex = 0; lastKnownFileType = sourcecode.c.h; name = CDVStatusBar.h; path = "cordova-plugin-statusbar/CDVStatusBar.h"; sourceTree = "<group>"; };
		0207DA571B56EA530066E2B4 /* Images.xcassets */ = {isa = PBXFileReference; lastKnownFileType = folder.assetcatalog; name = Images.xcassets; path = demoApp/Images.xcassets; sourceTree = SOURCE_ROOT; };
		095052F73AF74894B9528112 /* GCDWebServerRequest.m */ = {isa = PBXFileReference; explicitFileType = undefined; fileEncoding = 4; includeInIndex = 0; lastKnownFileType = sourcecode.c.objc; name = GCDWebServerRequest.m; path = "cordova-plugin-ionic-webview/GCDWebServerRequest.m"; sourceTree = "<group>"; };
		0BDEEAB7FE0C4396AE67EE39 /* GCDWebServerConnection.m */ = {isa = PBXFileReference; explicitFileType = undefined; fileEncoding = 4; includeInIndex = 0; lastKnownFileType = sourcecode.c.objc; name = GCDWebServerConnection.m; path = "cordova-plugin-ionic-webview/GCDWebServerConnection.m"; sourceTree = "<group>"; };
		0D93139B9CC14DD1AD825153 /* AudioToolbox.framework */ = {isa = PBXFileReference; explicitFileType = undefined; fileEncoding = 9; includeInIndex = 0; lastKnownFileType = wrapper.framework; name = AudioToolbox.framework; path = System/Library/Frameworks/AudioToolbox.framework; sourceTree = SDKROOT; };
		0F39AC4D3643422CBAA1C7FF /* APPNotificationContent.h */ = {isa = PBXFileReference; explicitFileType = undefined; fileEncoding = 4; includeInIndex = 0; lastKnownFileType = sourcecode.c.h; name = APPNotificationContent.h; path = "cordova-plugin-local-notification/APPNotificationContent.h"; sourceTree = "<group>"; };
		110619B9365745289FDA3394 /* GCDWebServerStreamedResponse.m */ = {isa = PBXFileReference; explicitFileType = undefined; fileEncoding = 4; includeInIndex = 0; lastKnownFileType = sourcecode.c.objc; name = GCDWebServerStreamedResponse.m; path = "cordova-plugin-ionic-webview/GCDWebServerStreamedResponse.m"; sourceTree = "<group>"; };
		110E513AE3724FCAA0DDF41C /* GCDWebServerConnection.h */ = {isa = PBXFileReference; explicitFileType = undefined; fileEncoding = 4; includeInIndex = 0; lastKnownFileType = sourcecode.c.h; name = GCDWebServerConnection.h; path = "cordova-plugin-ionic-webview/GCDWebServerConnection.h"; sourceTree = "<group>"; };
		170BCE9428684232A13C13D1 /* APPNotificationContent.m */ = {isa = PBXFileReference; explicitFileType = undefined; fileEncoding = 4; includeInIndex = 0; lastKnownFileType = sourcecode.c.objc; name = APPNotificationContent.m; path = "cordova-plugin-local-notification/APPNotificationContent.m"; sourceTree = "<group>"; };
		173D8A2A590D447C8A56DE5E /* GCDWebServerURLEncodedFormRequest.h */ = {isa = PBXFileReference; explicitFileType = undefined; fileEncoding = 4; includeInIndex = 0; lastKnownFileType = sourcecode.c.h; name = GCDWebServerURLEncodedFormRequest.h; path = "cordova-plugin-ionic-webview/GCDWebServerURLEncodedFormRequest.h"; sourceTree = "<group>"; };
		17C1D8083C094974A972040B /* UNUserNotificationCenter+APPLocalNotification.m */ = {isa = PBXFileReference; explicitFileType = undefined; fileEncoding = 4; includeInIndex = 0; lastKnownFileType = sourcecode.c.objc; name = "UNUserNotificationCenter+APPLocalNotification.m"; path = "cordova-plugin-local-notification/UNUserNotificationCenter+APPLocalNotification.m"; sourceTree = "<group>"; };
		1AD0B18391D24B6486B00D33 /* CDVWKWebViewUIDelegate.m */ = {isa = PBXFileReference; explicitFileType = undefined; fileEncoding = 4; includeInIndex = 0; lastKnownFileType = sourcecode.c.objc; name = CDVWKWebViewUIDelegate.m; path = "cordova-plugin-ionic-webview/CDVWKWebViewUIDelegate.m"; sourceTree = "<group>"; };
		1B98C24613B04C2AB4DC22F1 /* CDVDevice.h */ = {isa = PBXFileReference; explicitFileType = undefined; fileEncoding = 4; includeInIndex = 0; lastKnownFileType = sourcecode.c.h; name = CDVDevice.h; path = "cordova-plugin-device/CDVDevice.h"; sourceTree = "<group>"; };
		1D3623240D0F684500981E51 /* AppDelegate.h */ = {isa = PBXFileReference; fileEncoding = 4; lastKnownFileType = sourcecode.c.h; path = AppDelegate.h; sourceTree = "<group>"; };
		1D3623250D0F684500981E51 /* AppDelegate.m */ = {isa = PBXFileReference; fileEncoding = 4; lastKnownFileType = sourcecode.c.objc; path = AppDelegate.m; sourceTree = "<group>"; };
		1D6058910D05DD3D006BFB54 /* demoApp.app */ = {isa = PBXFileReference; explicitFileType = wrapper.application; includeInIndex = 0; path = demoApp.app; sourceTree = BUILT_PRODUCTS_DIR; };
		276C199462594B5084EF82D5 /* APPNotificationOptions.h */ = {isa = PBXFileReference; explicitFileType = undefined; fileEncoding = 4; includeInIndex = 0; lastKnownFileType = sourcecode.c.h; name = APPNotificationOptions.h; path = "cordova-plugin-local-notification/APPNotificationOptions.h"; sourceTree = "<group>"; };
		29B97316FDCFA39411CA2CEA /* main.m */ = {isa = PBXFileReference; fileEncoding = 4; lastKnownFileType = sourcecode.c.objc; path = main.m; sourceTree = "<group>"; };
		2C6516952D574F9A88832DCB /* libz.tbd */ = {isa = PBXFileReference; explicitFileType = undefined; fileEncoding = 9; includeInIndex = 0; lastKnownFileType = "sourcecode.text-based-dylib-definition"; name = libz.tbd; path = usr/lib/libz.tbd; sourceTree = SDKROOT; };
		301BF52D109A57CC0062928A /* CordovaLib/CordovaLib.xcodeproj */ = {isa = PBXFileReference; lastKnownFileType = "wrapper.pb-project"; path = CordovaLib/CordovaLib.xcodeproj; sourceTree = "<group>"; };
		301BF56E109A69640062928A /* www */ = {isa = PBXFileReference; lastKnownFileType = folder; path = www; sourceTree = SOURCE_ROOT; };
		302D95EE14D2391D003F00A1 /* MainViewController.h */ = {isa = PBXFileReference; fileEncoding = 4; lastKnownFileType = sourcecode.c.h; path = MainViewController.h; sourceTree = "<group>"; };
		302D95EF14D2391D003F00A1 /* MainViewController.m */ = {isa = PBXFileReference; fileEncoding = 4; lastKnownFileType = sourcecode.c.objc; path = MainViewController.m; sourceTree = "<group>"; };
		302D95F014D2391D003F00A1 /* MainViewController.xib */ = {isa = PBXFileReference; fileEncoding = 4; lastKnownFileType = file.xib; path = MainViewController.xib; sourceTree = "<group>"; };
		3047A50F1AB8059700498E2A /* build-debug.xcconfig */ = {isa = PBXFileReference; fileEncoding = 4; lastKnownFileType = text.xcconfig; name = "build-debug.xcconfig"; path = "cordova/build-debug.xcconfig"; sourceTree = SOURCE_ROOT; };
		3047A5101AB8059700498E2A /* build-release.xcconfig */ = {isa = PBXFileReference; fileEncoding = 4; lastKnownFileType = text.xcconfig; name = "build-release.xcconfig"; path = "cordova/build-release.xcconfig"; sourceTree = SOURCE_ROOT; };
		3047A5111AB8059700498E2A /* build.xcconfig */ = {isa = PBXFileReference; fileEncoding = 4; lastKnownFileType = text.xcconfig; name = build.xcconfig; path = cordova/build.xcconfig; sourceTree = SOURCE_ROOT; };
		3137B7A727C241C0A45AF704 /* GCDWebServerFunctions.m */ = {isa = PBXFileReference; explicitFileType = undefined; fileEncoding = 4; includeInIndex = 0; lastKnownFileType = sourcecode.c.objc; name = GCDWebServerFunctions.m; path = "cordova-plugin-ionic-webview/GCDWebServerFunctions.m"; sourceTree = "<group>"; };
		32CA4F630368D1EE00C91783 /* demoApp-Prefix.pch */ = {isa = PBXFileReference; fileEncoding = 4; lastKnownFileType = sourcecode.c.h; path = "demoApp-Prefix.pch"; sourceTree = "<group>"; };
		33C59A8562974210B7BA0391 /* APPBadge.m */ = {isa = PBXFileReference; explicitFileType = undefined; fileEncoding = 4; includeInIndex = 0; lastKnownFileType = sourcecode.c.objc; name = APPBadge.m; path = "cordova-plugin-badge/APPBadge.m"; sourceTree = "<group>"; };
		3ECEA3F85FBC4D95B8FF6F2B /* GCDWebServerPrivate.h */ = {isa = PBXFileReference; explicitFileType = undefined; fileEncoding = 4; includeInIndex = 0; lastKnownFileType = sourcecode.c.h; name = GCDWebServerPrivate.h; path = "cordova-plugin-ionic-webview/GCDWebServerPrivate.h"; sourceTree = "<group>"; };
		40FFDA0E45C04085B8862C52 /* GCDWebServerErrorResponse.h */ = {isa = PBXFileReference; explicitFileType = undefined; fileEncoding = 4; includeInIndex = 0; lastKnownFileType = sourcecode.c.h; name = GCDWebServerErrorResponse.h; path = "cordova-plugin-ionic-webview/GCDWebServerErrorResponse.h"; sourceTree = "<group>"; };
		43FF14EAB4E24B4BA4A7DA2C /* GCDWebServer.m */ = {isa = PBXFileReference; explicitFileType = undefined; fileEncoding = 4; includeInIndex = 0; lastKnownFileType = sourcecode.c.objc; name = GCDWebServer.m; path = "cordova-plugin-ionic-webview/GCDWebServer.m"; sourceTree = "<group>"; };
		44EFD9F856B649E3AAF10FC8 /* GCDWebServerDataRequest.m */ = {isa = PBXFileReference; explicitFileType = undefined; fileEncoding = 4; includeInIndex = 0; lastKnownFileType = sourcecode.c.objc; name = GCDWebServerDataRequest.m; path = "cordova-plugin-ionic-webview/GCDWebServerDataRequest.m"; sourceTree = "<group>"; };
		451B7D7BD042480789006BB9 /* APPBadge.h */ = {isa = PBXFileReference; explicitFileType = undefined; fileEncoding = 4; includeInIndex = 0; lastKnownFileType = sourcecode.c.h; name = APPBadge.h; path = "cordova-plugin-badge/APPBadge.h"; sourceTree = "<group>"; };
		4633ADF52C96420EA42F105B /* CDVWKProcessPoolFactory.h */ = {isa = PBXFileReference; explicitFileType = undefined; fileEncoding = 4; includeInIndex = 0; lastKnownFileType = sourcecode.c.h; name = CDVWKProcessPoolFactory.h; path = "cordova-plugin-ionic-webview/CDVWKProcessPoolFactory.h"; sourceTree = "<group>"; };
		46EAF1AF3F4F4D368213874C /* CDVWKWebViewEngine.m */ = {isa = PBXFileReference; explicitFileType = undefined; fileEncoding = 4; includeInIndex = 0; lastKnownFileType = sourcecode.c.objc; name = CDVWKWebViewEngine.m; path = "cordova-plugin-ionic-webview/CDVWKWebViewEngine.m"; sourceTree = "<group>"; };
		49C939CC9CA54B3CA0F99EB4 /* GCDWebServerRequest.h */ = {isa = PBXFileReference; explicitFileType = undefined; fileEncoding = 4; includeInIndex = 0; lastKnownFileType = sourcecode.c.h; name = GCDWebServerRequest.h; path = "cordova-plugin-ionic-webview/GCDWebServerRequest.h"; sourceTree = "<group>"; };
		4CADABAF39AB47868A319674 /* UNNotificationRequest+APPLocalNotification.m */ = {isa = PBXFileReference; explicitFileType = undefined; fileEncoding = 4; includeInIndex = 0; lastKnownFileType = sourcecode.c.objc; name = "UNNotificationRequest+APPLocalNotification.m"; path = "cordova-plugin-local-notification/UNNotificationRequest+APPLocalNotification.m"; sourceTree = "<group>"; };
		50C2F6FF9E5F411DB050AB9D /* CDVIonicKeyboard.h */ = {isa = PBXFileReference; explicitFileType = undefined; fileEncoding = 4; includeInIndex = 0; lastKnownFileType = sourcecode.c.h; name = CDVIonicKeyboard.h; path = "cordova-plugin-ionic-keyboard/CDVIonicKeyboard.h"; sourceTree = "<group>"; };
		53E11D7A1E8A48A38878ED7A /* GCDWebServerStreamedResponse.h */ = {isa = PBXFileReference; explicitFileType = undefined; fileEncoding = 4; includeInIndex = 0; lastKnownFileType = sourcecode.c.h; name = GCDWebServerStreamedResponse.h; path = "cordova-plugin-ionic-webview/GCDWebServerStreamedResponse.h"; sourceTree = "<group>"; };
		57CBE7D521729E3A004721DE /* en */ = {isa = PBXFileReference; lastKnownFileType = file; name = en; path = "en.lproj/TeamsAssets-Light.ttf"; sourceTree = "<group>"; };
		57CBE7D821729E4A004721DE /* en */ = {isa = PBXFileReference; lastKnownFileType = file; name = en; path = "en.lproj/TeamsAssets-Regular.ttf"; sourceTree = "<group>"; };
		5CE6903E15B3442BA469324C /* CDVIonicKeyboard.m */ = {isa = PBXFileReference; explicitFileType = undefined; fileEncoding = 4; includeInIndex = 0; lastKnownFileType = sourcecode.c.objc; name = CDVIonicKeyboard.m; path = "cordova-plugin-ionic-keyboard/CDVIonicKeyboard.m"; sourceTree = "<group>"; };
		5DE98909808742359EEAF06E /* CDVNotification.m */ = {isa = PBXFileReference; explicitFileType = undefined; fileEncoding = 4; includeInIndex = 0; lastKnownFileType = sourcecode.c.objc; name = CDVNotification.m; path = "cordova-plugin-dialogs/CDVNotification.m"; sourceTree = "<group>"; };
		5EB7F3BBE8C045859BDDA27C /* GCDWebServerFunctions.h */ = {isa = PBXFileReference; explicitFileType = undefined; fileEncoding = 4; includeInIndex = 0; lastKnownFileType = sourcecode.c.h; name = GCDWebServerFunctions.h; path = "cordova-plugin-ionic-webview/GCDWebServerFunctions.h"; sourceTree = "<group>"; };
		5F7FE5F26866424BBD8F9790 /* CDVSplashScreen.m */ = {isa = PBXFileReference; explicitFileType = undefined; fileEncoding = 4; includeInIndex = 0; lastKnownFileType = sourcecode.c.objc; name = CDVSplashScreen.m; path = "cordova-plugin-splashscreen/CDVSplashScreen.m"; sourceTree = "<group>"; };
		674D75AD38CD43C1AD995AEF /* GCDWebServerMultiPartFormRequest.h */ = {isa = PBXFileReference; explicitFileType = undefined; fileEncoding = 4; includeInIndex = 0; lastKnownFileType = sourcecode.c.h; name = GCDWebServerMultiPartFormRequest.h; path = "cordova-plugin-ionic-webview/GCDWebServerMultiPartFormRequest.h"; sourceTree = "<group>"; };
		6AE00CAEBF3E4CD9B3EFE7CF /* CDVWKWebViewEngine.h */ = {isa = PBXFileReference; explicitFileType = undefined; fileEncoding = 4; includeInIndex = 0; lastKnownFileType = sourcecode.c.h; name = CDVWKWebViewEngine.h; path = "cordova-plugin-ionic-webview/CDVWKWebViewEngine.h"; sourceTree = "<group>"; };
		6AFF5BF81D6E424B00AB3073 /* CDVLaunchScreen.storyboard */ = {isa = PBXFileReference; fileEncoding = 4; lastKnownFileType = file.storyboard; name = CDVLaunchScreen.storyboard; path = demoApp/CDVLaunchScreen.storyboard; sourceTree = SOURCE_ROOT; };
		7C57722C77AA470398D3D470 /* CDVStatusBar.m */ = {isa = PBXFileReference; explicitFileType = undefined; fileEncoding = 4; includeInIndex = 0; lastKnownFileType = sourcecode.c.objc; name = CDVStatusBar.m; path = "cordova-plugin-statusbar/CDVStatusBar.m"; sourceTree = "<group>"; };
		7CD8D564E21D45018DE551D1 /* GCDWebServer.h */ = {isa = PBXFileReference; explicitFileType = undefined; fileEncoding = 4; includeInIndex = 0; lastKnownFileType = sourcecode.c.h; name = GCDWebServer.h; path = "cordova-plugin-ionic-webview/GCDWebServer.h"; sourceTree = "<group>"; };
		7D61690D71CB42BD92121C84 /* GCDWebServerDataResponse.h */ = {isa = PBXFileReference; explicitFileType = undefined; fileEncoding = 4; includeInIndex = 0; lastKnownFileType = sourcecode.c.h; name = GCDWebServerDataResponse.h; path = "cordova-plugin-ionic-webview/GCDWebServerDataResponse.h"; sourceTree = "<group>"; };
		7E58CD818606419296269AC6 /* GCDWebServerFileResponse.m */ = {isa = PBXFileReference; explicitFileType = undefined; fileEncoding = 4; includeInIndex = 0; lastKnownFileType = sourcecode.c.objc; name = GCDWebServerFileResponse.m; path = "cordova-plugin-ionic-webview/GCDWebServerFileResponse.m"; sourceTree = "<group>"; };
		7E6F84B7F0A9475D8202EF22 /* CDVOrientation.m */ = {isa = PBXFileReference; explicitFileType = undefined; fileEncoding = 4; includeInIndex = 0; lastKnownFileType = sourcecode.c.objc; name = CDVOrientation.m; path = "cordova-plugin-screen-orientation/CDVOrientation.m"; sourceTree = "<group>"; };
		8D1107310486CEB800E47090 /* demoApp-Info.plist */ = {isa = PBXFileReference; fileEncoding = 4; lastKnownFileType = text.plist.xml; name = "demoApp-Info.plist"; path = "demoApp/demoApp-Info.plist"; plistStructureDefinitionIdentifier = "com.apple.xcode.plist.structure-definition.iphone.info-plist"; sourceTree = SOURCE_ROOT; };
		8D3F4319D7364894AC0F5DE8 /* CDVViewController+SplashScreen.h */ = {isa = PBXFileReference; explicitFileType = undefined; fileEncoding = 4; includeInIndex = 0; lastKnownFileType = sourcecode.c.h; name = "CDVViewController+SplashScreen.h"; path = "cordova-plugin-splashscreen/CDVViewController+SplashScreen.h"; sourceTree = "<group>"; };
		9442BBF6E5A946599BA3B7C5 /* CDVNotification.h */ = {isa = PBXFileReference; explicitFileType = undefined; fileEncoding = 4; includeInIndex = 0; lastKnownFileType = sourcecode.c.h; name = CDVNotification.h; path = "cordova-plugin-dialogs/CDVNotification.h"; sourceTree = "<group>"; };
		95616D97B8624C50B1A3E26F /* APPLocalNotification.h */ = {isa = PBXFileReference; explicitFileType = undefined; fileEncoding = 4; includeInIndex = 0; lastKnownFileType = sourcecode.c.h; name = APPLocalNotification.h; path = "cordova-plugin-local-notification/APPLocalNotification.h"; sourceTree = "<group>"; };
		9D921BFC0F3C40AEBB81EDE7 /* GCDWebServerDataResponse.m */ = {isa = PBXFileReference; explicitFileType = undefined; fileEncoding = 4; includeInIndex = 0; lastKnownFileType = sourcecode.c.objc; name = GCDWebServerDataResponse.m; path = "cordova-plugin-ionic-webview/GCDWebServerDataResponse.m"; sourceTree = "<group>"; };
		9E9B061449844E17B6C0A28E /* GCDWebServerFileRequest.h */ = {isa = PBXFileReference; explicitFileType = undefined; fileEncoding = 4; includeInIndex = 0; lastKnownFileType = sourcecode.c.h; name = GCDWebServerFileRequest.h; path = "cordova-plugin-ionic-webview/GCDWebServerFileRequest.h"; sourceTree = "<group>"; };
		9F2DDCB4D448405C893100A7 /* GCDWebServerDataRequest.h */ = {isa = PBXFileReference; explicitFileType = undefined; fileEncoding = 4; includeInIndex = 0; lastKnownFileType = sourcecode.c.h; name = GCDWebServerDataRequest.h; path = "cordova-plugin-ionic-webview/GCDWebServerDataRequest.h"; sourceTree = "<group>"; };
		9F6DA08F73A143A694D8CFF0 /* GCDWebServerFileRequest.m */ = {isa = PBXFileReference; explicitFileType = undefined; fileEncoding = 4; includeInIndex = 0; lastKnownFileType = sourcecode.c.objc; name = GCDWebServerFileRequest.m; path = "cordova-plugin-ionic-webview/GCDWebServerFileRequest.m"; sourceTree = "<group>"; };
		A7B8D2A19BD84B0598145E20 /* GCDWebServerErrorResponse.m */ = {isa = PBXFileReference; explicitFileType = undefined; fileEncoding = 4; includeInIndex = 0; lastKnownFileType = sourcecode.c.objc; name = GCDWebServerErrorResponse.m; path = "cordova-plugin-ionic-webview/GCDWebServerErrorResponse.m"; sourceTree = "<group>"; };
		ACB39670E7994DBC814F24BC /* GCDWebServerHTTPStatusCodes.h */ = {isa = PBXFileReference; explicitFileType = undefined; fileEncoding = 4; includeInIndex = 0; lastKnownFileType = sourcecode.c.h; name = GCDWebServerHTTPStatusCodes.h; path = "cordova-plugin-ionic-webview/GCDWebServerHTTPStatusCodes.h"; sourceTree = "<group>"; };
		AEEE97F53BAA4F79AA7D96CB /* WebKit.framework */ = {isa = PBXFileReference; explicitFileType = undefined; fileEncoding = 9; includeInIndex = 0; lastKnownFileType = wrapper.framework; name = WebKit.framework; path = System/Library/Frameworks/WebKit.framework; sourceTree = SDKROOT; };
		B09E47C186A8441BB22FAD5B /* CDVDevice.m */ = {isa = PBXFileReference; explicitFileType = undefined; fileEncoding = 4; includeInIndex = 0; lastKnownFileType = sourcecode.c.objc; name = CDVDevice.m; path = "cordova-plugin-device/CDVDevice.m"; sourceTree = "<group>"; };
		B2AFF8A161574C088D8CBA70 /* UserNotifications.framework */ = {isa = PBXFileReference; explicitFileType = undefined; fileEncoding = 9; includeInIndex = 0; lastKnownFileType = wrapper.framework; name = UserNotifications.framework; path = System/Library/Frameworks/UserNotifications.framework; sourceTree = SDKROOT; };
		B3FB7F8CC34649C8977A1ADD /* CDVViewController+SplashScreen.m */ = {isa = PBXFileReference; explicitFileType = undefined; fileEncoding = 4; includeInIndex = 0; lastKnownFileType = sourcecode.c.objc; name = "CDVViewController+SplashScreen.m"; path = "cordova-plugin-splashscreen/CDVViewController+SplashScreen.m"; sourceTree = "<group>"; };
		B5152D4295B14C509C955E97 /* CDVWKProcessPoolFactory.m */ = {isa = PBXFileReference; explicitFileType = undefined; fileEncoding = 4; includeInIndex = 0; lastKnownFileType = sourcecode.c.objc; name = CDVWKProcessPoolFactory.m; path = "cordova-plugin-ionic-webview/CDVWKProcessPoolFactory.m"; sourceTree = "<group>"; };
		B7C0F299274847A59A81D393 /* CDVSplashScreen.h */ = {isa = PBXFileReference; explicitFileType = undefined; fileEncoding = 4; includeInIndex = 0; lastKnownFileType = sourcecode.c.h; name = CDVSplashScreen.h; path = "cordova-plugin-splashscreen/CDVSplashScreen.h"; sourceTree = "<group>"; };
		C18964F01280498F88D71A83 /* CDVWKWebViewUIDelegate.h */ = {isa = PBXFileReference; explicitFileType = undefined; fileEncoding = 4; includeInIndex = 0; lastKnownFileType = sourcecode.c.h; name = CDVWKWebViewUIDelegate.h; path = "cordova-plugin-ionic-webview/CDVWKWebViewUIDelegate.h"; sourceTree = "<group>"; };
		CA2EB20409784A0EB1C3C996 /* GCDWebServerResponse.m */ = {isa = PBXFileReference; explicitFileType = undefined; fileEncoding = 4; includeInIndex = 0; lastKnownFileType = sourcecode.c.objc; name = GCDWebServerResponse.m; path = "cordova-plugin-ionic-webview/GCDWebServerResponse.m"; sourceTree = "<group>"; };
		CACCA8EFD76A43429B4A1CAD /* UNNotificationRequest+APPLocalNotification.h */ = {isa = PBXFileReference; explicitFileType = undefined; fileEncoding = 4; includeInIndex = 0; lastKnownFileType = sourcecode.c.h; name = "UNNotificationRequest+APPLocalNotification.h"; path = "cordova-plugin-local-notification/UNNotificationRequest+APPLocalNotification.h"; sourceTree = "<group>"; };
		DC06B05A1A1D4B7C9A3AE5B7 /* APPLocalNotification.m */ = {isa = PBXFileReference; explicitFileType = undefined; fileEncoding = 4; includeInIndex = 0; lastKnownFileType = sourcecode.c.objc; name = APPLocalNotification.m; path = "cordova-plugin-local-notification/APPLocalNotification.m"; sourceTree = "<group>"; };
		DF17CE3FBAC6449F82E0437B /* UNUserNotificationCenter+APPLocalNotification.h */ = {isa = PBXFileReference; explicitFileType = undefined; fileEncoding = 4; includeInIndex = 0; lastKnownFileType = sourcecode.c.h; name = "UNUserNotificationCenter+APPLocalNotification.h"; path = "cordova-plugin-local-notification/UNUserNotificationCenter+APPLocalNotification.h"; sourceTree = "<group>"; };
		E818ED66DA8E4F7BA54DC23D /* CDVOrientation.h */ = {isa = PBXFileReference; explicitFileType = undefined; fileEncoding = 4; includeInIndex = 0; lastKnownFileType = sourcecode.c.h; name = CDVOrientation.h; path = "cordova-plugin-screen-orientation/CDVOrientation.h"; sourceTree = "<group>"; };
		E87DFD23B3454453B5E0790A /* GCDWebServerFileResponse.h */ = {isa = PBXFileReference; explicitFileType = undefined; fileEncoding = 4; includeInIndex = 0; lastKnownFileType = sourcecode.c.h; name = GCDWebServerFileResponse.h; path = "cordova-plugin-ionic-webview/GCDWebServerFileResponse.h"; sourceTree = "<group>"; };
		EB87FDF31871DA8E0020F90C /* www */ = {isa = PBXFileReference; lastKnownFileType = folder; name = www; path = ../../www; sourceTree = "<group>"; };
		EB87FDF41871DAF40020F90C /* config.xml */ = {isa = PBXFileReference; lastKnownFileType = text.xml; name = config.xml; path = ../../config.xml; sourceTree = "<group>"; };
		ED33DF2A687741AEAF9F8254 /* Bridging-Header.h */ = {isa = PBXFileReference; fileEncoding = 4; lastKnownFileType = sourcecode.c.h; path = "Bridging-Header.h"; sourceTree = "<group>"; };
		EF4272AA6D6845EB99C83C02 /* CDVNotification.bundle */ = {isa = PBXFileReference; explicitFileType = undefined; fileEncoding = 9; includeInIndex = 0; lastKnownFileType = "wrapper.plug-in"; path = CDVNotification.bundle; sourceTree = "<group>"; };
		F028D089567B400B9D9A6E71 /* GCDWebServerResponse.h */ = {isa = PBXFileReference; explicitFileType = undefined; fileEncoding = 4; includeInIndex = 0; lastKnownFileType = sourcecode.c.h; name = GCDWebServerResponse.h; path = "cordova-plugin-ionic-webview/GCDWebServerResponse.h"; sourceTree = "<group>"; };
		F0C7C9FDABCE4A9693ADB0D1 /* APPNotificationOptions.m */ = {isa = PBXFileReference; explicitFileType = undefined; fileEncoding = 4; includeInIndex = 0; lastKnownFileType = sourcecode.c.objc; name = APPNotificationOptions.m; path = "cordova-plugin-local-notification/APPNotificationOptions.m"; sourceTree = "<group>"; };
		F0DB88B25CE744A1A35E9668 /* GCDWebServerURLEncodedFormRequest.m */ = {isa = PBXFileReference; explicitFileType = undefined; fileEncoding = 4; includeInIndex = 0; lastKnownFileType = sourcecode.c.objc; name = GCDWebServerURLEncodedFormRequest.m; path = "cordova-plugin-ionic-webview/GCDWebServerURLEncodedFormRequest.m"; sourceTree = "<group>"; };
		F5A87E3E803D4CF19554403B /* GCDWebServerMultiPartFormRequest.m */ = {isa = PBXFileReference; explicitFileType = undefined; fileEncoding = 4; includeInIndex = 0; lastKnownFileType = sourcecode.c.objc; name = GCDWebServerMultiPartFormRequest.m; path = "cordova-plugin-ionic-webview/GCDWebServerMultiPartFormRequest.m"; sourceTree = "<group>"; };
		F840E1F0165FE0F500CFE078 /* config.xml */ = {isa = PBXFileReference; lastKnownFileType = text.xml; name = config.xml; path = demoApp/config.xml; sourceTree = "<group>"; };
		FF735AA22BCF4452925AF3CD /* CoreLocation.framework */ = {isa = PBXFileReference; explicitFileType = undefined; fileEncoding = 9; includeInIndex = 0; lastKnownFileType = wrapper.framework; name = CoreLocation.framework; path = System/Library/Frameworks/CoreLocation.framework; sourceTree = SDKROOT; };
/* End PBXFileReference section */

/* Begin PBXFrameworksBuildPhase section */
		1D60588F0D05DD3D006BFB54 /* Frameworks */ = {
			isa = PBXFrameworksBuildPhase;
			buildActionMask = 2147483647;
			files = (
				301BF552109A68D80062928A /* libCordova.a in Frameworks */,
				9C6B11E66C3B44639E26D349 /* AudioToolbox.framework in Frameworks */,
				6DFFA7A836A248A28095A23D /* WebKit.framework in Frameworks */,
				EE7F1B0AFAA248E58EE2CF29 /* libz.tbd in Frameworks */,
				C643F78FA58442298DE0750B /* UserNotifications.framework in Frameworks */,
				BB4DB16E043D48BB89677D46 /* CoreLocation.framework in Frameworks */,
			);
			runOnlyForDeploymentPostprocessing = 0;
		};
/* End PBXFrameworksBuildPhase section */

/* Begin PBXGroup section */
		080E96DDFE201D6D7F000001 /* Classes */ = {
			isa = PBXGroup;
			children = (
				302D95EE14D2391D003F00A1 /* MainViewController.h */,
				302D95EF14D2391D003F00A1 /* MainViewController.m */,
				302D95F014D2391D003F00A1 /* MainViewController.xib */,
				1D3623240D0F684500981E51 /* AppDelegate.h */,
				1D3623250D0F684500981E51 /* AppDelegate.m */,
			);
			name = Classes;
			path = demoApp/Classes;
			sourceTree = SOURCE_ROOT;
		};
		19C28FACFE9D520D11CA2CBB /* Products */ = {
			isa = PBXGroup;
			children = (
				1D6058910D05DD3D006BFB54 /* demoApp.app */,
			);
			name = Products;
			sourceTree = "<group>";
		};
		29B97314FDCFA39411CA2CEA /* CustomTemplate */ = {
			isa = PBXGroup;
			children = (
				EB87FDF41871DAF40020F90C /* config.xml */,
				EB87FDF31871DA8E0020F90C /* www */,
				EB87FDF11871DA420020F90C /* Staging */,
				301BF52D109A57CC0062928A /* CordovaLib/CordovaLib.xcodeproj */,
				080E96DDFE201D6D7F000001 /* Classes */,
				307C750510C5A3420062BCA9 /* Plugins */,
				29B97315FDCFA39411CA2CEA /* Other Sources */,
				29B97317FDCFA39411CA2CEA /* Resources */,
				29B97323FDCFA39411CA2CEA /* Frameworks */,
				19C28FACFE9D520D11CA2CBB /* Products */,
			);
			name = CustomTemplate;
			sourceTree = "<group>";
		};
		29B97315FDCFA39411CA2CEA /* Other Sources */ = {
			isa = PBXGroup;
			children = (
				32CA4F630368D1EE00C91783 /* demoApp-Prefix.pch */,
				29B97316FDCFA39411CA2CEA /* main.m */,
				ED33DF2A687741AEAF9F8254 /* Bridging-Header.h */,
			);
			name = "Other Sources";
			path = demoApp;
			sourceTree = "<group>";
		};
		29B97317FDCFA39411CA2CEA /* Resources */ = {
			isa = PBXGroup;
			children = (
				57CBE7D621729E3A004721DE /* TeamsAssets-Light.ttf */,
				57CBE7D921729E4A004721DE /* TeamsAssets-Regular.ttf */,
				0207DA571B56EA530066E2B4 /* Images.xcassets */,
				3047A50E1AB8057F00498E2A /* config */,
				8D1107310486CEB800E47090 /* demoApp-Info.plist */,
				6AFF5BF81D6E424B00AB3073 /* CDVLaunchScreen.storyboard */,
				EF4272AA6D6845EB99C83C02 /* CDVNotification.bundle */,
			);
			name = Resources;
			path = demoApp/Resources;
			sourceTree = "<group>";
		};
		29B97323FDCFA39411CA2CEA /* Frameworks */ = {
			isa = PBXGroup;
			children = (
				0D93139B9CC14DD1AD825153 /* AudioToolbox.framework */,
				AEEE97F53BAA4F79AA7D96CB /* WebKit.framework */,
				2C6516952D574F9A88832DCB /* libz.tbd */,
				B2AFF8A161574C088D8CBA70 /* UserNotifications.framework */,
				FF735AA22BCF4452925AF3CD /* CoreLocation.framework */,
			);
			name = Frameworks;
			sourceTree = "<group>";
		};
		301BF52E109A57CC0062928A /* Products */ = {
			isa = PBXGroup;
			children = (
				301BF535109A57CC0062928A /* libCordova.a */,
				57782F47215EFD5D00986DF8 /* Cordova.framework */,
			);
			name = Products;
			sourceTree = "<group>";
		};
		3047A50E1AB8057F00498E2A /* config */ = {
			isa = PBXGroup;
			children = (
				3047A50F1AB8059700498E2A /* build-debug.xcconfig */,
				3047A5101AB8059700498E2A /* build-release.xcconfig */,
				3047A5111AB8059700498E2A /* build.xcconfig */,
			);
			name = config;
			sourceTree = "<group>";
		};
		307C750510C5A3420062BCA9 /* Plugins */ = {
			isa = PBXGroup;
			children = (
				33C59A8562974210B7BA0391 /* APPBadge.m */,
				451B7D7BD042480789006BB9 /* APPBadge.h */,
				B09E47C186A8441BB22FAD5B /* CDVDevice.m */,
				1B98C24613B04C2AB4DC22F1 /* CDVDevice.h */,
				5DE98909808742359EEAF06E /* CDVNotification.m */,
				9442BBF6E5A946599BA3B7C5 /* CDVNotification.h */,
				5CE6903E15B3442BA469324C /* CDVIonicKeyboard.m */,
				50C2F6FF9E5F411DB050AB9D /* CDVIonicKeyboard.h */,
				46EAF1AF3F4F4D368213874C /* CDVWKWebViewEngine.m */,
				1AD0B18391D24B6486B00D33 /* CDVWKWebViewUIDelegate.m */,
				B5152D4295B14C509C955E97 /* CDVWKProcessPoolFactory.m */,
				43FF14EAB4E24B4BA4A7DA2C /* GCDWebServer.m */,
				0BDEEAB7FE0C4396AE67EE39 /* GCDWebServerConnection.m */,
				3137B7A727C241C0A45AF704 /* GCDWebServerFunctions.m */,
				095052F73AF74894B9528112 /* GCDWebServerRequest.m */,
				CA2EB20409784A0EB1C3C996 /* GCDWebServerResponse.m */,
				44EFD9F856B649E3AAF10FC8 /* GCDWebServerDataRequest.m */,
				9F6DA08F73A143A694D8CFF0 /* GCDWebServerFileRequest.m */,
				F5A87E3E803D4CF19554403B /* GCDWebServerMultiPartFormRequest.m */,
				F0DB88B25CE744A1A35E9668 /* GCDWebServerURLEncodedFormRequest.m */,
				9D921BFC0F3C40AEBB81EDE7 /* GCDWebServerDataResponse.m */,
				A7B8D2A19BD84B0598145E20 /* GCDWebServerErrorResponse.m */,
				7E58CD818606419296269AC6 /* GCDWebServerFileResponse.m */,
				110619B9365745289FDA3394 /* GCDWebServerStreamedResponse.m */,
				6AE00CAEBF3E4CD9B3EFE7CF /* CDVWKWebViewEngine.h */,
				C18964F01280498F88D71A83 /* CDVWKWebViewUIDelegate.h */,
				4633ADF52C96420EA42F105B /* CDVWKProcessPoolFactory.h */,
				7CD8D564E21D45018DE551D1 /* GCDWebServer.h */,
				110E513AE3724FCAA0DDF41C /* GCDWebServerConnection.h */,
				5EB7F3BBE8C045859BDDA27C /* GCDWebServerFunctions.h */,
				ACB39670E7994DBC814F24BC /* GCDWebServerHTTPStatusCodes.h */,
				3ECEA3F85FBC4D95B8FF6F2B /* GCDWebServerPrivate.h */,
				49C939CC9CA54B3CA0F99EB4 /* GCDWebServerRequest.h */,
				F028D089567B400B9D9A6E71 /* GCDWebServerResponse.h */,
				9F2DDCB4D448405C893100A7 /* GCDWebServerDataRequest.h */,
				9E9B061449844E17B6C0A28E /* GCDWebServerFileRequest.h */,
				674D75AD38CD43C1AD995AEF /* GCDWebServerMultiPartFormRequest.h */,
				173D8A2A590D447C8A56DE5E /* GCDWebServerURLEncodedFormRequest.h */,
				7D61690D71CB42BD92121C84 /* GCDWebServerDataResponse.h */,
				40FFDA0E45C04085B8862C52 /* GCDWebServerErrorResponse.h */,
				E87DFD23B3454453B5E0790A /* GCDWebServerFileResponse.h */,
				53E11D7A1E8A48A38878ED7A /* GCDWebServerStreamedResponse.h */,
				DC06B05A1A1D4B7C9A3AE5B7 /* APPLocalNotification.m */,
				170BCE9428684232A13C13D1 /* APPNotificationContent.m */,
				F0C7C9FDABCE4A9693ADB0D1 /* APPNotificationOptions.m */,
				17C1D8083C094974A972040B /* UNUserNotificationCenter+APPLocalNotification.m */,
				4CADABAF39AB47868A319674 /* UNNotificationRequest+APPLocalNotification.m */,
				95616D97B8624C50B1A3E26F /* APPLocalNotification.h */,
				0F39AC4D3643422CBAA1C7FF /* APPNotificationContent.h */,
				276C199462594B5084EF82D5 /* APPNotificationOptions.h */,
				DF17CE3FBAC6449F82E0437B /* UNUserNotificationCenter+APPLocalNotification.h */,
				CACCA8EFD76A43429B4A1CAD /* UNNotificationRequest+APPLocalNotification.h */,
				7E6F84B7F0A9475D8202EF22 /* CDVOrientation.m */,
				E818ED66DA8E4F7BA54DC23D /* CDVOrientation.h */,
				5F7FE5F26866424BBD8F9790 /* CDVSplashScreen.m */,
				B3FB7F8CC34649C8977A1ADD /* CDVViewController+SplashScreen.m */,
				B7C0F299274847A59A81D393 /* CDVSplashScreen.h */,
				8D3F4319D7364894AC0F5DE8 /* CDVViewController+SplashScreen.h */,
				7C57722C77AA470398D3D470 /* CDVStatusBar.m */,
				00F0DE33AC754DADBBB02B36 /* CDVStatusBar.h */,
			);
			name = Plugins;
			path = demoApp/Plugins;
			sourceTree = SOURCE_ROOT;
		};
		EB87FDF11871DA420020F90C /* Staging */ = {
			isa = PBXGroup;
			children = (
				F840E1F0165FE0F500CFE078 /* config.xml */,
				301BF56E109A69640062928A /* www */,
			);
			name = Staging;
			sourceTree = "<group>";
		};
/* End PBXGroup section */

/* Begin PBXNativeTarget section */
		1D6058900D05DD3D006BFB54 /* demoApp */ = {
			isa = PBXNativeTarget;
			buildConfigurationList = 1D6058960D05DD3E006BFB54 /* Build configuration list for PBXNativeTarget "demoApp" */;
			buildPhases = (
				304B58A110DAC018002A0835 /* Copy www directory */,
				1D60588D0D05DD3D006BFB54 /* Resources */,
				1D60588E0D05DD3D006BFB54 /* Sources */,
				1D60588F0D05DD3D006BFB54 /* Frameworks */,
			);
			buildRules = (
			);
			dependencies = (
				301BF551109A68C00062928A /* PBXTargetDependency */,
			);
			name = demoApp;
			productName = demoApp;
			productReference = 1D6058910D05DD3D006BFB54 /* demoApp.app */;
			productType = "com.apple.product-type.application";
		};
/* End PBXNativeTarget section */

/* Begin PBXProject section */
		29B97313FDCFA39411CA2CEA /* Project object */ = {
			isa = PBXProject;
			attributes = {
				LastUpgradeCheck = 510;
				TargetAttributes = {
					1D6058900D05DD3D006BFB54 = {
						DevelopmentTeam = D55VFZZY2R;
					};
				};
			};
			buildConfigurationList = C01FCF4E08A954540054247B /* Build configuration list for PBXProject "demoApp" */;
			compatibilityVersion = "Xcode 3.2";
			developmentRegion = English;
			hasScannedForEncodings = 1;
			knownRegions = (
				en,
			);
			mainGroup = 29B97314FDCFA39411CA2CEA /* CustomTemplate */;
			projectDirPath = "";
			projectReferences = (
				{
					ProductGroup = 301BF52E109A57CC0062928A /* Products */;
					ProjectRef = 301BF52D109A57CC0062928A /* CordovaLib/CordovaLib.xcodeproj */;
				},
			);
			projectRoot = "";
			targets = (
				1D6058900D05DD3D006BFB54 /* demoApp */,
			);
		};
/* End PBXProject section */

/* Begin PBXReferenceProxy section */
		301BF535109A57CC0062928A /* libCordova.a */ = {
			isa = PBXReferenceProxy;
			fileType = archive.ar;
			path = libCordova.a;
			remoteRef = 301BF534109A57CC0062928A /* PBXContainerItemProxy */;
			sourceTree = BUILT_PRODUCTS_DIR;
		};
		57782F47215EFD5D00986DF8 /* Cordova.framework */ = {
			isa = PBXReferenceProxy;
			fileType = wrapper.framework;
			path = Cordova.framework;
			remoteRef = 57782F46215EFD5D00986DF8 /* PBXContainerItemProxy */;
			sourceTree = BUILT_PRODUCTS_DIR;
		};
/* End PBXReferenceProxy section */

/* Begin PBXResourcesBuildPhase section */
		1D60588D0D05DD3D006BFB54 /* Resources */ = {
			isa = PBXResourcesBuildPhase;
			buildActionMask = 2147483647;
			files = (
				302D95F214D2391D003F00A1 /* MainViewController.xib in Resources */,
				0207DA581B56EA530066E2B4 /* Images.xcassets in Resources */,
				6AFF5BF91D6E424B00AB3073 /* CDVLaunchScreen.storyboard in Resources */,
				57CBE7D421729E3A004721DE /* TeamsAssets-Light.ttf in Resources */,
				791F89AE41C340AC9E04BDAD /* CDVNotification.bundle in Resources */,
				57CBE7D721729E4A004721DE /* TeamsAssets-Regular.ttf in Resources */,
			);
			runOnlyForDeploymentPostprocessing = 0;
		};
/* End PBXResourcesBuildPhase section */

/* Begin PBXShellScriptBuildPhase section */
		304B58A110DAC018002A0835 /* Copy www directory */ = {
			isa = PBXShellScriptBuildPhase;
			buildActionMask = 2147483647;
			files = (
			);
			inputPaths = (
			);
			name = "Copy www directory";
			outputPaths = (
			);
			runOnlyForDeploymentPostprocessing = 0;
			shellPath = /bin/sh;
			shellScript = "NODEJS_PATH=/usr/local/bin; NVM_NODE_PATH=~/.nvm/versions/node/`nvm version 2>/dev/null`/bin; N_NODE_PATH=`find /usr/local/n/versions/node/* -maxdepth 0 -type d 2>/dev/null | tail -1`/bin; XCODE_NODE_PATH=`xcode-select --print-path`/usr/share/xcs/Node/bin; PATH=$NODEJS_PATH:$NVM_NODE_PATH:$N_NODE_PATH:$XCODE_NODE_PATH:$PATH && node cordova/lib/copy-www-build-step.js\n";
			showEnvVarsInLog = 0;
		};
/* End PBXShellScriptBuildPhase section */

/* Begin PBXSourcesBuildPhase section */
		1D60588E0D05DD3D006BFB54 /* Sources */ = {
			isa = PBXSourcesBuildPhase;
			buildActionMask = 2147483647;
			files = (
				1D60589B0D05DD56006BFB54 /* main.m in Sources */,
				1D3623260D0F684500981E51 /* AppDelegate.m in Sources */,
				302D95F114D2391D003F00A1 /* MainViewController.m in Sources */,
				C8BC0AD470F345239FB0598A /* APPBadge.m in Sources */,
				FDED891A10F34A0E80C880BA /* CDVDevice.m in Sources */,
				555AB388BC01494EA284F0D2 /* CDVNotification.m in Sources */,
				C9C4DED3498F47CD9B9F859F /* CDVIonicKeyboard.m in Sources */,
				43B32D61455D42D18FCFD56F /* CDVWKWebViewEngine.m in Sources */,
				CDDB71B5F05044F5BB353400 /* CDVWKWebViewUIDelegate.m in Sources */,
				C2205917D58D4CE882821D82 /* CDVWKProcessPoolFactory.m in Sources */,
				70CCE536DE2E40A69B409E1D /* GCDWebServer.m in Sources */,
				7D36231494D046E19913780A /* GCDWebServerConnection.m in Sources */,
				4A21BA1DF1414EE7AC189E22 /* GCDWebServerFunctions.m in Sources */,
				44EB1CC9304A435E9F544244 /* GCDWebServerRequest.m in Sources */,
				BD660F6FE4F540A3975C804C /* GCDWebServerResponse.m in Sources */,
				C2CA4531F6F84288AED9A430 /* GCDWebServerDataRequest.m in Sources */,
				95DA8F4BBAB04463B90F1505 /* GCDWebServerFileRequest.m in Sources */,
				7659C119F6614713887334A4 /* GCDWebServerMultiPartFormRequest.m in Sources */,
				5AC31A81B662490FADBB6B4F /* GCDWebServerURLEncodedFormRequest.m in Sources */,
				4CA2D5AE1A89405A81B02F18 /* GCDWebServerDataResponse.m in Sources */,
				42C84B31B3574010892ACACE /* GCDWebServerErrorResponse.m in Sources */,
				7304240EB0AA415D979C8156 /* GCDWebServerFileResponse.m in Sources */,
				A1BE0F3C0B36489B9B8426A6 /* GCDWebServerStreamedResponse.m in Sources */,
				30966BC9322F4253A738A151 /* APPLocalNotification.m in Sources */,
				D4ADB50E65374F74AA73D666 /* APPNotificationContent.m in Sources */,
				AEE95D761D2344439713127D /* APPNotificationOptions.m in Sources */,
				60FDE12FF4F047A68F31DA70 /* UNUserNotificationCenter+APPLocalNotification.m in Sources */,
				A17790E4DD5446B0BF32E8EB /* UNNotificationRequest+APPLocalNotification.m in Sources */,
				95EAED6A85CB43B8818473D5 /* CDVOrientation.m in Sources */,
				6F512CF979E24167B3E05391 /* CDVSplashScreen.m in Sources */,
				A4621C43A841467F9F0CBE38 /* CDVViewController+SplashScreen.m in Sources */,
				C5C874E7FAEB4028BB03A459 /* CDVStatusBar.m in Sources */,
			);
			runOnlyForDeploymentPostprocessing = 0;
		};
/* End PBXSourcesBuildPhase section */

/* Begin PBXTargetDependency section */
		301BF551109A68C00062928A /* PBXTargetDependency */ = {
			isa = PBXTargetDependency;
			name = CordovaLib;
			targetProxy = 301BF550109A68C00062928A /* PBXContainerItemProxy */;
		};
/* End PBXTargetDependency section */

/* Begin PBXVariantGroup section */
		57CBE7D621729E3A004721DE /* TeamsAssets-Light.ttf */ = {
			isa = PBXVariantGroup;
			children = (
				57CBE7D521729E3A004721DE /* en */,
			);
			name = "TeamsAssets-Light.ttf";
			path = "/Users/mattdharnetiaux/teams-demo/demoApp/platforms/ios/demoApp/Resources/../../../../../../Desktop";
			sourceTree = "<absolute>";
		};
		57CBE7D921729E4A004721DE /* TeamsAssets-Regular.ttf */ = {
			isa = PBXVariantGroup;
			children = (
				57CBE7D821729E4A004721DE /* en */,
			);
			name = "TeamsAssets-Regular.ttf";
			path = "/Users/mattdharnetiaux/teams-demo/demoApp/platforms/ios/demoApp/Resources/../../../../../../Desktop";
			sourceTree = "<absolute>";
		};
/* End PBXVariantGroup section */

/* Begin XCBuildConfiguration section */
		1D6058940D05DD3E006BFB54 /* Debug */ = {
			isa = XCBuildConfiguration;
			baseConfigurationReference = 3047A50F1AB8059700498E2A /* build-debug.xcconfig */;
			buildSettings = {
				ALWAYS_SEARCH_USER_PATHS = NO;
				ASSETCATALOG_COMPILER_APPICON_NAME = AppIcon;
				ASSETCATALOG_COMPILER_LAUNCHIMAGE_NAME = LaunchImage;
				CLANG_ENABLE_MODULES = YES;
				CLANG_ENABLE_OBJC_ARC = YES;
				COPY_PHASE_STRIP = NO;
				DEVELOPMENT_TEAM = D55VFZZY2R;
				GCC_DYNAMIC_NO_PIC = NO;
				GCC_OPTIMIZATION_LEVEL = 0;
				GCC_PRECOMPILE_PREFIX_HEADER = YES;
				GCC_PREFIX_HEADER = "demoApp/demoApp-Prefix.pch";
				GCC_THUMB_SUPPORT = NO;
				GCC_VERSION = "";
				INFOPLIST_FILE = "demoApp/demoApp-Info.plist";
				IPHONEOS_DEPLOYMENT_TARGET = 9.0;
				LD_RUNPATH_SEARCH_PATHS = "@executable_path/Frameworks";
				PRODUCT_NAME = demoApp;
				TARGETED_DEVICE_FAMILY = "1,2";
			};
			name = Debug;
		};
		1D6058950D05DD3E006BFB54 /* Release */ = {
			isa = XCBuildConfiguration;
			baseConfigurationReference = 3047A5101AB8059700498E2A /* build-release.xcconfig */;
			buildSettings = {
				ALWAYS_SEARCH_USER_PATHS = NO;
				ASSETCATALOG_COMPILER_APPICON_NAME = AppIcon;
				ASSETCATALOG_COMPILER_LAUNCHIMAGE_NAME = LaunchImage;
				CLANG_ENABLE_MODULES = YES;
				CLANG_ENABLE_OBJC_ARC = YES;
				COPY_PHASE_STRIP = YES;
				DEVELOPMENT_TEAM = D55VFZZY2R;
				GCC_PRECOMPILE_PREFIX_HEADER = YES;
				GCC_PREFIX_HEADER = "demoApp/demoApp-Prefix.pch";
				GCC_THUMB_SUPPORT = NO;
				GCC_VERSION = "";
				INFOPLIST_FILE = "demoApp/demoApp-Info.plist";
				IPHONEOS_DEPLOYMENT_TARGET = 9.0;
				LD_RUNPATH_SEARCH_PATHS = "@executable_path/Frameworks";
				PRODUCT_NAME = demoApp;
				TARGETED_DEVICE_FAMILY = "1,2";
			};
			name = Release;
		};
		C01FCF4F08A954540054247B /* Debug */ = {
			isa = XCBuildConfiguration;
			baseConfigurationReference = 3047A5111AB8059700498E2A /* build.xcconfig */;
			buildSettings = {
				CLANG_ENABLE_MODULES = YES;
				CLANG_ENABLE_OBJC_ARC = YES;
				CLANG_WARN_BOOL_CONVERSION = YES;
				CLANG_WARN_CONSTANT_CONVERSION = YES;
				CLANG_WARN_EMPTY_BODY = YES;
				CLANG_WARN_ENUM_CONVERSION = YES;
				CLANG_WARN_INT_CONVERSION = YES;
				CLANG_WARN__DUPLICATE_METHOD_MATCH = YES;
				GCC_C_LANGUAGE_STANDARD = c99;
				GCC_THUMB_SUPPORT = NO;
				GCC_VERSION = "";
				GCC_WARN_ABOUT_RETURN_TYPE = YES;
				GCC_WARN_UNDECLARED_SELECTOR = YES;
				GCC_WARN_UNINITIALIZED_AUTOS = YES;
				GCC_WARN_UNUSED_FUNCTION = YES;
				GCC_WARN_UNUSED_VARIABLE = YES;
				ONLY_ACTIVE_ARCH = YES;
				SDKROOT = iphoneos;
				SKIP_INSTALL = NO;
			};
			name = Debug;
		};
		C01FCF5008A954540054247B /* Release */ = {
			isa = XCBuildConfiguration;
			baseConfigurationReference = 3047A5111AB8059700498E2A /* build.xcconfig */;
			buildSettings = {
				CLANG_ENABLE_MODULES = YES;
				CLANG_ENABLE_OBJC_ARC = YES;
				CLANG_WARN_BOOL_CONVERSION = YES;
				CLANG_WARN_CONSTANT_CONVERSION = YES;
				CLANG_WARN_EMPTY_BODY = YES;
				CLANG_WARN_ENUM_CONVERSION = YES;
				CLANG_WARN_INT_CONVERSION = YES;
				CLANG_WARN__DUPLICATE_METHOD_MATCH = YES;
				GCC_C_LANGUAGE_STANDARD = c99;
				GCC_THUMB_SUPPORT = NO;
				GCC_VERSION = "";
				GCC_WARN_ABOUT_RETURN_TYPE = YES;
				GCC_WARN_UNDECLARED_SELECTOR = YES;
				GCC_WARN_UNINITIALIZED_AUTOS = YES;
				GCC_WARN_UNUSED_FUNCTION = YES;
				GCC_WARN_UNUSED_VARIABLE = YES;
				SDKROOT = iphoneos;
				SKIP_INSTALL = NO;
			};
			name = Release;
		};
/* End XCBuildConfiguration section */

/* Begin XCConfigurationList section */
		1D6058960D05DD3E006BFB54 /* Build configuration list for PBXNativeTarget "demoApp" */ = {
			isa = XCConfigurationList;
			buildConfigurations = (
				1D6058940D05DD3E006BFB54 /* Debug */,
				1D6058950D05DD3E006BFB54 /* Release */,
			);
			defaultConfigurationIsVisible = 0;
			defaultConfigurationName = Release;
		};
		C01FCF4E08A954540054247B /* Build configuration list for PBXProject "demoApp" */ = {
			isa = XCConfigurationList;
			buildConfigurations = (
				C01FCF4F08A954540054247B /* Debug */,
				C01FCF5008A954540054247B /* Release */,
			);
			defaultConfigurationIsVisible = 0;
			defaultConfigurationName = Release;
		};
/* End XCConfigurationList section */
	};
	rootObject = 29B97313FDCFA39411CA2CEA /* Project object */;
}
